
Microsoft Visual Studio Solution File, Format Version 12.00
# Visual Studio Version 16
VisualStudioVersion = 16.0.31205.134
MinimumVisualStudioVersion = 10.0.40219.1
Project("{FAE04EC0-301F-11D3-BF4B-00C04F79EFBC}") = "Study", "Study\Study.csproj", "{AB4A3841-B828-48D1-AA9D-8AA12E2463C1}"
EndProject
Global
	GlobalSection(SolutionConfigurationPlatforms) = preSolution
		Debug|Any CPU = Debug|Any CPU
		Release|Any CPU = Release|Any CPU
	EndGlobalSection
	GlobalSection(ProjectConfigurationPlatforms) = postSolution
		{AB4A3841-B828-48D1-AA9D-8AA12E2463C1}.Debug|Any CPU.ActiveCfg = Debug|Any CPU
		{AB4A3841-B828-48D1-AA9D-8AA12E2463C1}.Debug|Any CPU.Build.0 = Debug|Any CPU
		{AB4A3841-B828-48D1-AA9D-8AA12E2463C1}.Release|Any CPU.ActiveCfg = Release|Any CPU
		{AB4A3841-B828-48D1-AA9D-8AA12E2463C1}.Release|Any CPU.Build.0 = Release|Any CPU
	EndGlobalSection
	GlobalSection(SolutionProperties) = preSolution
		HideSolutionNode = FALSE
	EndGlobalSection
	GlobalSection(ExtensibilityGlobals) = postSolution
		SolutionGuid = {EB61D947-5137-43ED-A187-75420E277628}
	EndGlobalSection
EndGlobal
